<?xml version="1.0" encoding="utf-8"?>
<Project ToolsVersion="4.0" xmlns="http://schemas.microsoft.com/developer/msbuild/2003">
  <ItemGroup>
    <Filter Include="99.Headers">
      <UniqueIdentifier>{b8bca424-35b4-43ec-8635-e62e80472507}</UniqueIdentifier>
    </Filter>
    <Filter Include="98.Default">
      <UniqueIdentifier>{8b85b4d8-c4ab-4401-96d1-ed34d20c6803}</UniqueIdentifier>
    </Filter>
    <Filter Include="00.MainApp">
      <UniqueIdentifier>{138242b2-210b-4f34-9eb9-275124a4094b}</UniqueIdentifier>
    </Filter>
    <Filter Include="01.Levels">
      <UniqueIdentifier>{01a9bdb9-d9a2-4e3f-9b3c-0c632c312f6b}</UniqueIdentifier>
    </Filter>
    <Filter Include="01.Levels\99.Loading">
      <UniqueIdentifier>{c7b3dfd9-bd5f-44c2-98e8-6085c55c01e7}</UniqueIdentifier>
    </Filter>
    <Filter Include="01.Levels\01.Logo">
      <UniqueIdentifier>{11331aa0-1a11-4059-855d-11e2d11cc393}</UniqueIdentifier>
    </Filter>
    <Filter Include="01.Levels\02.GamePlay">
      <UniqueIdentifier>{28055c07-1ad6-4ca6-a135-140a4e2964e9}</UniqueIdentifier>
    </Filter>
    <Filter Include="01.Levels\99.Loading\Loader">
      <UniqueIdentifier>{ca0383b7-34cd-40b6-9c51-87a7545db2d6}</UniqueIdentifier>
    </Filter>
    <Filter Include="02.GameObjects">
      <UniqueIdentifier>{b7203fcb-fbf5-4f2c-9aee-e21ba549be68}</UniqueIdentifier>
    </Filter>
    <Filter Include="02.GameObjects\00.BackGround">
      <UniqueIdentifier>{118212d2-88e2-4e51-9900-8d7afeabd6e3}</UniqueIdentifier>
    </Filter>
    <Filter Include="97.ShaderFiles">
      <UniqueIdentifier>{958f698f-dd90-41d7-bb5c-9f21a8916356}</UniqueIdentifier>
    </Filter>
    <Filter Include="02.GameObjects\00.UI">
      <UniqueIdentifier>{185a50ba-e3c1-4812-addf-6b56e426376e}</UniqueIdentifier>
    </Filter>
    <Filter Include="02.GameObjects\99.Cameras">
      <UniqueIdentifier>{55531ab4-895b-47a2-a317-c9d443f2ebed}</UniqueIdentifier>
    </Filter>
    <Filter Include="02.GameObjects\99.Cameras\Free">
      <UniqueIdentifier>{2bb92374-c12e-4de2-9212-f9e02648b1b4}</UniqueIdentifier>
    </Filter>
    <Filter Include="02.GameObjects\01.Terrain">
      <UniqueIdentifier>{e95ab7c3-bafd-4b8d-9905-ecc9419e11d5}</UniqueIdentifier>
    </Filter>
    <Filter Include="02.GameObjects\01.Terrain\Manager">
      <UniqueIdentifier>{24e1fcf2-54ef-43cc-bdfd-0faf56de3913}</UniqueIdentifier>
    </Filter>
    <Filter Include="02.GameObjects\03. EnvironmentObject">
      <UniqueIdentifier>{9ec30689-c6e7-4329-a8e5-f2a435ecaa63}</UniqueIdentifier>
    </Filter>
    <Filter Include="95.Data_Manager">
      <UniqueIdentifier>{20d33931-5137-4097-976c-5f45874ffcdc}</UniqueIdentifier>
    </Filter>
    <Filter Include="02.GameObjects\02.LandObject">
      <UniqueIdentifier>{487034a0-d4f3-4233-885b-fc76ae12b509}</UniqueIdentifier>
    </Filter>
    <Filter Include="02.GameObjects\02.LandObject\Monster">
      <UniqueIdentifier>{68af5566-493b-4fbc-9cfe-a1382693893a}</UniqueIdentifier>
    </Filter>
    <Filter Include="02.GameObjects\02.LandObject\Player">
      <UniqueIdentifier>{cdcdeb71-9bb5-4b5e-a903-0f9a143f28fb}</UniqueIdentifier>
    </Filter>
    <Filter Include="02.GameObjects\02.LandObject\Player\PartObject">
      <UniqueIdentifier>{fbf1a8aa-0779-4228-ab31-10d1d646cda4}</UniqueIdentifier>
    </Filter>
    <Filter Include="02.GameObjects\02.LandObject\Player\PartObject\Body">
      <UniqueIdentifier>{24bce5bf-4f9a-4c71-9e84-8af32c5c7c5e}</UniqueIdentifier>
    </Filter>
    <Filter Include="02.GameObjects\02.LandObject\Player\PartObject\Weapon">
      <UniqueIdentifier>{f2eeef2a-b14c-4ca5-8fce-41e0d6eed453}</UniqueIdentifier>
    </Filter>
    <Filter Include="02.GameObjects\02.LandObject\Player\PartObject\Weapon\Revolver">
      <UniqueIdentifier>{77e6e7a8-7129-4dfe-8943-adf9bcd5e5bf}</UniqueIdentifier>
    </Filter>
    <Filter Include="02.GameObjects\02.LandObject\Player\PartObject\Weapon\Weapon">
      <UniqueIdentifier>{701efc3f-07a4-4a8d-b090-5a76d5aad607}</UniqueIdentifier>
    </Filter>
    <Filter Include="94. StateMachine">
      <UniqueIdentifier>{29393c3f-1693-4ca3-baf2-a92cdb918b27}</UniqueIdentifier>
    </Filter>
    <Filter Include="94. StateMachine\State">
      <UniqueIdentifier>{88ddf3b0-30ad-4617-8ff3-111821407f71}</UniqueIdentifier>
    </Filter>
    <Filter Include="94. StateMachine\State\Player">
      <UniqueIdentifier>{c96958d3-5b73-4600-8069-00e30ba8b938}</UniqueIdentifier>
    </Filter>
    <Filter Include="94. StateMachine\State\Player\State_Jog">
      <UniqueIdentifier>{8aa4ce01-40a9-43e4-8ae4-038733e235ff}</UniqueIdentifier>
    </Filter>
    <Filter Include="94. StateMachine\State\Player\State_Idel">
      <UniqueIdentifier>{31688db2-f7c8-4f86-9afd-e19da4c4f024}</UniqueIdentifier>
    </Filter>
    <Filter Include="94. StateMachine\State\Player\State_Exhausted">
      <UniqueIdentifier>{4af0577c-c4e2-479e-9a12-ce04d527541d}</UniqueIdentifier>
    </Filter>
    <Filter Include="94. StateMachine\State\Player\State_Run">
      <UniqueIdentifier>{559a0c4a-f409-4ec0-b803-4b80a5e9547a}</UniqueIdentifier>
    </Filter>
    <Filter Include="94. StateMachine\State\Player\State_Equip">
      <UniqueIdentifier>{62e7bce1-1f8e-460d-a4f9-21c0ec43d277}</UniqueIdentifier>
    </Filter>
    <Filter Include="94. StateMachine\State\Player\State_UnEquip">
      <UniqueIdentifier>{1a5c5f12-a26b-450e-9013-b28005c7dc95}</UniqueIdentifier>
    </Filter>
    <Filter Include="02.GameObjects\99.Cameras\PlayerCamera">
      <UniqueIdentifier>{3ce49c6c-dbb7-4e17-b18d-d006d8ff2c32}</UniqueIdentifier>
    </Filter>
    <Filter Include="94. StateMachine\State\Player\State_Aim_S">
      <UniqueIdentifier>{33df44e9-7776-48f4-87e5-183aa3f9e9eb}</UniqueIdentifier>
    </Filter>
    <Filter Include="94. StateMachine\State\Player\State_Aim">
      <UniqueIdentifier>{3c6b2790-138c-438b-a18a-c51e9882dc44}</UniqueIdentifier>
    </Filter>
    <Filter Include="94. StateMachine\State\Player\State_Aim_E">
      <UniqueIdentifier>{26a78c21-838a-4672-9f45-6acc476e7b31}</UniqueIdentifier>
    </Filter>
    <Filter Include="94. StateMachine\State\Player\State_Walk_S">
      <UniqueIdentifier>{3d087f81-fbf3-47b6-9bc9-a2a3e4cea602}</UniqueIdentifier>
    </Filter>
    <Filter Include="94. StateMachine\State\Player\State_Walk_FB">
      <UniqueIdentifier>{5de33030-1f74-424e-9bd4-a29f8dd60114}</UniqueIdentifier>
    </Filter>
    <Filter Include="94. StateMachine\State\Player\State_Walk_L">
      <UniqueIdentifier>{a4e19e66-410f-4323-9235-a446bd39b573}</UniqueIdentifier>
    </Filter>
    <Filter Include="94. StateMachine\State\Player\State_Walk_R">
      <UniqueIdentifier>{4534f26e-53a6-4c33-b508-f57bc8eefc85}</UniqueIdentifier>
    </Filter>
    <Filter Include="94. StateMachine\State\Player\State_Walk_LE">
      <UniqueIdentifier>{6f854ebb-51ed-4fcb-bc98-7203dcaa3525}</UniqueIdentifier>
    </Filter>
    <Filter Include="94. StateMachine\State\Player\State_Walk_E">
      <UniqueIdentifier>{781ed8ef-7716-48dd-a9f2-bdb9a4d6e15c}</UniqueIdentifier>
    </Filter>
    <Filter Include="94. StateMachine\State\Player\State_Walk_RE">
      <UniqueIdentifier>{f9e012fa-9d4d-4400-9642-81a9c11b3c5c}</UniqueIdentifier>
    </Filter>
    <Filter Include="94. StateMachine\State\Player\State_Throw">
      <UniqueIdentifier>{6dd6d7ce-0469-4340-8e22-6582a94b5158}</UniqueIdentifier>
    </Filter>
    <Filter Include="94. StateMachine\State\Player\State_Attack">
      <UniqueIdentifier>{b7ccacfd-5d35-402b-87e4-9ea7687b667c}</UniqueIdentifier>
    </Filter>
    <Filter Include="94. StateMachine\State\Player\State_Fire">
      <UniqueIdentifier>{bd627851-2c18-41b5-b10d-3a29e92575d3}</UniqueIdentifier>
    </Filter>
    <Filter Include="94. StateMachine\State\Player\State_Hipfire">
      <UniqueIdentifier>{f8bea0f5-6254-4ec1-80f6-0c4ed84e7091}</UniqueIdentifier>
    </Filter>
    <Filter Include="94. StateMachine\State\Player\State_Reload_S">
      <UniqueIdentifier>{1bcaf5a8-937d-4b13-8948-e6adab458667}</UniqueIdentifier>
    </Filter>
    <Filter Include="94. StateMachine\State\Player\State_Reload">
      <UniqueIdentifier>{326c35c2-25d4-4807-b230-b5fdbd71900e}</UniqueIdentifier>
    </Filter>
    <Filter Include="94. StateMachine\State\Player\State_Reload_E">
      <UniqueIdentifier>{fbefca20-0ef6-483c-aa53-613ce48fcd33}</UniqueIdentifier>
    </Filter>
    <Filter Include="93.PickUpSelector">
      <UniqueIdentifier>{3ec4b7d0-f16b-4add-9757-2b8e19f9da94}</UniqueIdentifier>
    </Filter>
    <Filter Include="02.GameObjects\04.Item">
      <UniqueIdentifier>{73b1c2e4-b8de-4f52-9133-54c908d1dbc2}</UniqueIdentifier>
    </Filter>
    <Filter Include="02.GameObjects\00.UI\UIObject">
      <UniqueIdentifier>{8e1a933b-3214-4b4c-906c-32333d411535}</UniqueIdentifier>
    </Filter>
    <Filter Include="02.GameObjects\00.UI\UITEXT">
      <UniqueIdentifier>{c00c883d-0b6b-4915-aa0a-ff3fad93b36b}</UniqueIdentifier>
    </Filter>
    <Filter Include="94. StateMachine\State\Player\State_PickUp">
      <UniqueIdentifier>{1caed946-b89e-4bed-83cb-eabbd0c26651}</UniqueIdentifier>
    </Filter>
    <Filter Include="94. StateMachine\State\Player\State_Inventory">
      <UniqueIdentifier>{f125e0ce-94eb-4d72-98d3-3f35c994f05d}</UniqueIdentifier>
    </Filter>
    <Filter Include="02.GameObjects\00.UI\UIBack">
      <UniqueIdentifier>{6295e9cb-a72a-424b-ba64-071d21b302df}</UniqueIdentifier>
    </Filter>
    <Filter Include="02.GameObjects\00.UI\UIColor">
      <UniqueIdentifier>{7d58f44e-2382-44ce-8075-fa6546ca0005}</UniqueIdentifier>
    </Filter>
    <Filter Include="92.UIInventory">
      <UniqueIdentifier>{2cd2c203-5e99-43f8-a4b1-7a013dabf20a}</UniqueIdentifier>
    </Filter>
    <Filter Include="02.GameObjects\00.UI\manager">
      <UniqueIdentifier>{7884584b-cc47-43a5-a6ce-da73f16e4e25}</UniqueIdentifier>
    </Filter>
    <Filter Include="02.GameObjects\00.UI\UIToggleID">
      <UniqueIdentifier>{c2953c8c-42b1-4ef4-81e5-b1791564bb34}</UniqueIdentifier>
    </Filter>
    <Filter Include="02.GameObjects\00.UI\UISortToggle">
      <UniqueIdentifier>{f9c737eb-ecf3-408e-aa02-3033004ecfd6}</UniqueIdentifier>
    </Filter>
    <Filter Include="02.GameObjects\00.UI\UIButton">
      <UniqueIdentifier>{62de024b-1270-4149-a706-755263266605}</UniqueIdentifier>
    </Filter>
    <Filter Include="02.GameObjects\00.UI\UIItemIcon">
      <UniqueIdentifier>{6b7a791c-24d5-4fa0-a5f7-365f6e3e85cd}</UniqueIdentifier>
    </Filter>
    <Filter Include="02.GameObjects\00.UI\UIItemToggle">
      <UniqueIdentifier>{59b2c243-b5a1-44bf-b820-b1b30975ebb4}</UniqueIdentifier>
    </Filter>
    <Filter Include="02.GameObjects\04.Item\GEAR">
      <UniqueIdentifier>{3145fb2b-0389-4dfa-89e5-693d528148d0}</UniqueIdentifier>
    </Filter>
    <Filter Include="02.GameObjects\04.Item\CLTH">
      <UniqueIdentifier>{3663f9bf-ab47-4a68-bba5-1695ff9555ef}</UniqueIdentifier>
    </Filter>
    <Filter Include="02.GameObjects\00.UI\UIStateCloth">
      <UniqueIdentifier>{437af01a-b3f4-480a-8f05-87ae0428d2a6}</UniqueIdentifier>
    </Filter>
    <Filter Include="02.GameObjects\Bulllet">
      <UniqueIdentifier>{075deace-7d63-4b81-b98e-365ad9b04a74}</UniqueIdentifier>
    </Filter>
    <Filter Include="02.GameObjects\02.LandObject\Player\PartObject\Weapon\PickRabbit">
      <UniqueIdentifier>{ae2a7543-3f97-470a-a7fa-af6bf482d056}</UniqueIdentifier>
    </Filter>
    <Filter Include="94. StateMachine\State\Player\State_Kill">
      <UniqueIdentifier>{ddda8125-83ce-46b4-a6b2-07bc4fb2915b}</UniqueIdentifier>
    </Filter>
    <Filter Include="94. StateMachine\State\Player\State_Release">
      <UniqueIdentifier>{8d9f12d8-4f08-42b2-9c41-b8389adf5a37}</UniqueIdentifier>
    </Filter>
    <Filter Include="02.GameObjects\00.UI\UIClothToggle">
      <UniqueIdentifier>{68183c47-9437-4883-836b-0fd9534747dc}</UniqueIdentifier>
    </Filter>
    <Filter Include="94. StateMachine\State\Player\State_Reload_Loop">
      <UniqueIdentifier>{d8ab09a0-8e34-45c3-a0aa-ae0d9df9d501}</UniqueIdentifier>
    </Filter>
  </ItemGroup>
  <ItemGroup>
    <ClInclude Include="Client.h">
      <Filter>98.Default</Filter>
    </ClInclude>
    <ClInclude Include="Resource.h">
      <Filter>98.Default</Filter>
    </ClInclude>
    <ClInclude Include="stdafx.h">
      <Filter>98.Default</Filter>
    </ClInclude>
    <ClInclude Include="targetver.h">
      <Filter>98.Default</Filter>
    </ClInclude>
    <ClInclude Include="..\Public\Client_Defines.h">
      <Filter>99.Headers</Filter>
    </ClInclude>
    <ClInclude Include="..\public\MainApp.h">
      <Filter>00.MainApp</Filter>
    </ClInclude>
    <ClInclude Include="..\public\Level_Logo.h">
      <Filter>01.Levels\01.Logo</Filter>
    </ClInclude>
    <ClInclude Include="..\Public\Level_GamePlay.h">
      <Filter>01.Levels\02.GamePlay</Filter>
    </ClInclude>
    <ClInclude Include="..\Public\Level_Loading.h">
      <Filter>01.Levels\99.Loading</Filter>
    </ClInclude>
    <ClInclude Include="..\public\Loader.h">
      <Filter>01.Levels\99.Loading\Loader</Filter>
    </ClInclude>
    <ClInclude Include="..\public\BackGround.h">
      <Filter>02.GameObjects\00.BackGround</Filter>
    </ClInclude>
    <ClInclude Include="..\Public\Terrain.h">
      <Filter>02.GameObjects\01.Terrain</Filter>
    </ClInclude>
    <ClInclude Include="..\Public\FreeCamera.h">
      <Filter>02.GameObjects\99.Cameras\Free</Filter>
    </ClInclude>
    <ClInclude Include="..\Public\TerrainManager.h">
      <Filter>02.GameObjects\01.Terrain\Manager</Filter>
    </ClInclude>
    <ClInclude Include="..\Public\Monster.h">
      <Filter>02.GameObjects\02.LandObject\Monster</Filter>
    </ClInclude>
    <ClInclude Include="..\Public\EnvironmentObject.h">
      <Filter>02.GameObjects\03. EnvironmentObject</Filter>
    </ClInclude>
    <ClInclude Include="..\Public\Player.h">
      <Filter>02.GameObjects\02.LandObject\Player</Filter>
    </ClInclude>
    <ClInclude Include="..\Public\Body_Player.h">
      <Filter>02.GameObjects\02.LandObject\Player\PartObject\Body</Filter>
    </ClInclude>
    <ClInclude Include="..\Public\PartObject.h">
      <Filter>02.GameObjects\02.LandObject\Player\PartObject</Filter>
    </ClInclude>
    <ClInclude Include="..\Public\Data_Manager.h">
      <Filter>95.Data_Manager</Filter>
    </ClInclude>
    <ClInclude Include="..\Public\LandObject.h">
      <Filter>02.GameObjects\02.LandObject</Filter>
    </ClInclude>
    <ClInclude Include="..\Public\Weapon.h">
      <Filter>02.GameObjects\02.LandObject\Player\PartObject\Weapon\Weapon</Filter>
    </ClInclude>
    <ClInclude Include="..\Public\Revolver.h">
      <Filter>02.GameObjects\02.LandObject\Player\PartObject\Weapon\Revolver</Filter>
    </ClInclude>
    <ClInclude Include="..\Public\StateMachine.h">
      <Filter>94. StateMachine</Filter>
    </ClInclude>
    <ClInclude Include="..\Public\State.h">
      <Filter>94. StateMachine\State</Filter>
    </ClInclude>
    <ClInclude Include="..\Public\State_Idle.h">
      <Filter>94. StateMachine\State\Player\State_Idel</Filter>
    </ClInclude>
    <ClInclude Include="..\Public\State_Jog.h">
      <Filter>94. StateMachine\State\Player\State_Jog</Filter>
    </ClInclude>
    <ClInclude Include="..\Public\State_Exhausted.h">
      <Filter>94. StateMachine\State\Player\State_Exhausted</Filter>
    </ClInclude>
    <ClInclude Include="..\Public\State_Run.h">
      <Filter>94. StateMachine\State\Player\State_Run</Filter>
    </ClInclude>
    <ClInclude Include="..\Public\State_Equip.h">
      <Filter>94. StateMachine\State\Player\State_Equip</Filter>
    </ClInclude>
    <ClInclude Include="..\Public\State_UnEquip.h">
      <Filter>94. StateMachine\State\Player\State_UnEquip</Filter>
    </ClInclude>
    <ClInclude Include="..\Public\Player_Camera.h">
      <Filter>02.GameObjects\99.Cameras\PlayerCamera</Filter>
    </ClInclude>
    <ClInclude Include="..\Public\State_Aim_S.h">
      <Filter>94. StateMachine\State\Player\State_Aim_S</Filter>
    </ClInclude>
    <ClInclude Include="..\Public\State_Aim.h">
      <Filter>94. StateMachine\State\Player\State_Aim</Filter>
    </ClInclude>
    <ClInclude Include="..\Public\State_Aim_E.h">
      <Filter>94. StateMachine\State\Player\State_Aim_E</Filter>
    </ClInclude>
    <ClInclude Include="..\Public\State_Walk_S.h">
      <Filter>94. StateMachine\State\Player\State_Walk_S</Filter>
    </ClInclude>
    <ClInclude Include="..\Public\State_Walk_FB.h">
      <Filter>94. StateMachine\State\Player\State_Walk_FB</Filter>
    </ClInclude>
    <ClInclude Include="..\Public\State_Walk_L.h">
      <Filter>94. StateMachine\State\Player\State_Walk_L</Filter>
    </ClInclude>
    <ClInclude Include="..\Public\State_Walk_R.h">
      <Filter>94. StateMachine\State\Player\State_Walk_R</Filter>
    </ClInclude>
    <ClInclude Include="..\Public\State_Walk_LE.h">
      <Filter>94. StateMachine\State\Player\State_Walk_LE</Filter>
    </ClInclude>
    <ClInclude Include="..\Public\State_Walk_E.h">
      <Filter>94. StateMachine\State\Player\State_Walk_E</Filter>
    </ClInclude>
    <ClInclude Include="..\Public\State_Walk_RE.h">
      <Filter>94. StateMachine\State\Player\State_Walk_RE</Filter>
    </ClInclude>
    <ClInclude Include="..\Public\State_Throw.h">
      <Filter>94. StateMachine\State\Player\State_Throw</Filter>
    </ClInclude>
    <ClInclude Include="..\Public\State_Attack.h">
      <Filter>94. StateMachine\State\Player\State_Attack</Filter>
    </ClInclude>
    <ClInclude Include="..\Public\State_Fire.h">
      <Filter>94. StateMachine\State\Player\State_Fire</Filter>
    </ClInclude>
    <ClInclude Include="..\Public\State_Hipfire.h">
      <Filter>94. StateMachine\State\Player\State_Hipfire</Filter>
    </ClInclude>
    <ClInclude Include="..\Public\State_Reload_S.h">
      <Filter>94. StateMachine\State\Player\State_Reload_S</Filter>
    </ClInclude>
    <ClInclude Include="..\Public\State_Reload.h">
      <Filter>94. StateMachine\State\Player\State_Reload</Filter>
    </ClInclude>
    <ClInclude Include="..\Public\State_Reload_E.h">
      <Filter>94. StateMachine\State\Player\State_Reload_E</Filter>
    </ClInclude>
    <ClInclude Include="..\Public\PickUpSelector.h">
      <Filter>93.PickUpSelector</Filter>
    </ClInclude>
    <ClInclude Include="..\Public\UImanager.h">
      <Filter>02.GameObjects\00.UI\manager</Filter>
    </ClInclude>
    <ClInclude Include="..\Public\GEAR.h">
      <Filter>02.GameObjects\04.Item\GEAR</Filter>
    </ClInclude>
    <ClInclude Include="..\Public\UIObject.h">
      <Filter>02.GameObjects\00.UI\UIObject</Filter>
    </ClInclude>
    <ClInclude Include="..\Public\UITEXT.h">
      <Filter>02.GameObjects\00.UI\UITEXT</Filter>
    </ClInclude>
    <ClInclude Include="..\Public\State_PickUp.h">
      <Filter>94. StateMachine\State\Player\State_PickUp</Filter>
    </ClInclude>
    <ClInclude Include="..\Public\State_Inventory.h">
      <Filter>94. StateMachine\State\Player\State_Inventory</Filter>
    </ClInclude>
    <ClInclude Include="..\Public\UIBack.h">
      <Filter>02.GameObjects\00.UI\UIBack</Filter>
    </ClInclude>
    <ClInclude Include="..\Public\UIColor.h">
      <Filter>02.GameObjects\00.UI\UIColor</Filter>
    </ClInclude>
    <ClInclude Include="..\Public\UIInventory.h">
      <Filter>92.UIInventory</Filter>
    </ClInclude>
    <ClInclude Include="..\Public\UIToggleID.h">
      <Filter>02.GameObjects\00.UI\UIToggleID</Filter>
    </ClInclude>
    <ClInclude Include="..\Public\UISortToggle.h">
      <Filter>02.GameObjects\00.UI\UISortToggle</Filter>
    </ClInclude>
    <ClInclude Include="..\Public\UIButton.h">
      <Filter>02.GameObjects\00.UI\UIButton</Filter>
    </ClInclude>
    <ClInclude Include="..\Public\UIItemIcon.h">
      <Filter>02.GameObjects\00.UI\UIItemIcon</Filter>
    </ClInclude>
    <ClInclude Include="..\Public\UIItemToggle.h">
      <Filter>02.GameObjects\00.UI\UIItemToggle</Filter>
    </ClInclude>
    <ClInclude Include="..\Public\UIStateCloth.h">
      <Filter>02.GameObjects\00.UI\UIStateCloth</Filter>
    </ClInclude>
    <ClInclude Include="..\Public\CLTH.h">
      <Filter>02.GameObjects\04.Item\CLTH</Filter>
    </ClInclude>
    <ClInclude Include="..\Public\Bullet.h">
      <Filter>02.GameObjects\Bulllet</Filter>
    </ClInclude>
    <ClInclude Include="..\Public\PickRabbit.h">
      <Filter>02.GameObjects\02.LandObject\Player\PartObject\Weapon\PickRabbit</Filter>
    </ClInclude>
    <ClInclude Include="..\Public\State_Kill.h">
      <Filter>94. StateMachine\State\Player\State_Kill</Filter>
    </ClInclude>
    <ClInclude Include="..\Public\State_Release.h">
      <Filter>94. StateMachine\State\Player\State_Release</Filter>
    </ClInclude>
    <ClInclude Include="..\Public\UIClothToggle.h">
      <Filter>02.GameObjects\00.UI\UIClothToggle</Filter>
    </ClInclude>
    <ClInclude Include="..\Public\State_Reload_Loop.h">
      <Filter>94. StateMachine\State\Player\State_Reload_Loop</Filter>
    </ClInclude>
  </ItemGroup>
  <ItemGroup>
    <ClCompile Include="Client.cpp">
      <Filter>98.Default</Filter>
    </ClCompile>
    <ClCompile Include="stdafx.cpp">
      <Filter>98.Default</Filter>
    </ClCompile>
    <ClCompile Include="..\private\MainApp.cpp">
      <Filter>00.MainApp</Filter>
    </ClCompile>
    <ClCompile Include="..\private\Level_Logo.cpp">
      <Filter>01.Levels\01.Logo</Filter>
    </ClCompile>
    <ClCompile Include="..\Private\Level_GamePlay.cpp">
      <Filter>01.Levels\02.GamePlay</Filter>
    </ClCompile>
    <ClCompile Include="..\Private\Level_Loading.cpp">
      <Filter>01.Levels\99.Loading</Filter>
    </ClCompile>
    <ClCompile Include="..\private\Loader.cpp">
      <Filter>01.Levels\99.Loading\Loader</Filter>
    </ClCompile>
    <ClCompile Include="..\private\BackGround.cpp">
      <Filter>02.GameObjects\00.BackGround</Filter>
    </ClCompile>
    <ClCompile Include="..\Private\Terrain.cpp">
      <Filter>02.GameObjects\01.Terrain</Filter>
    </ClCompile>
    <ClCompile Include="..\Private\FreeCamera.cpp">
      <Filter>02.GameObjects\99.Cameras\Free</Filter>
    </ClCompile>
    <ClCompile Include="..\Private\TerrainManager.cpp">
      <Filter>02.GameObjects\01.Terrain\Manager</Filter>
    </ClCompile>
    <ClCompile Include="..\Private\Monster.cpp">
      <Filter>02.GameObjects\02.LandObject\Monster</Filter>
    </ClCompile>
    <ClCompile Include="..\Private\EnvironmentObject.cpp">
      <Filter>02.GameObjects\03. EnvironmentObject</Filter>
    </ClCompile>
    <ClCompile Include="..\Private\Player.cpp">
      <Filter>02.GameObjects\02.LandObject\Player</Filter>
    </ClCompile>
    <ClCompile Include="..\Private\Body_Player.cpp">
      <Filter>02.GameObjects\02.LandObject\Player\PartObject\Body</Filter>
    </ClCompile>
    <ClCompile Include="..\Private\PartObject.cpp">
      <Filter>02.GameObjects\02.LandObject\Player\PartObject</Filter>
    </ClCompile>
    <ClCompile Include="..\Private\Data_Manager.cpp">
      <Filter>95.Data_Manager</Filter>
    </ClCompile>
    <ClCompile Include="..\Private\LandObject.cpp">
      <Filter>02.GameObjects\02.LandObject</Filter>
    </ClCompile>
    <ClCompile Include="..\Private\Weapon.cpp">
      <Filter>02.GameObjects\02.LandObject\Player\PartObject\Weapon\Weapon</Filter>
    </ClCompile>
    <ClCompile Include="..\Private\Revolver.cpp">
      <Filter>02.GameObjects\02.LandObject\Player\PartObject\Weapon\Revolver</Filter>
    </ClCompile>
    <ClCompile Include="..\Private\StateMachine.cpp">
      <Filter>94. StateMachine</Filter>
    </ClCompile>
    <ClCompile Include="..\Private\State.cpp">
      <Filter>94. StateMachine\State</Filter>
    </ClCompile>
    <ClCompile Include="..\Private\State_Idle.cpp">
      <Filter>94. StateMachine\State\Player\State_Idel</Filter>
    </ClCompile>
    <ClCompile Include="..\Private\State_Jog.cpp">
      <Filter>94. StateMachine\State\Player\State_Jog</Filter>
    </ClCompile>
    <ClCompile Include="..\Private\State_Exhausted.cpp">
      <Filter>94. StateMachine\State\Player\State_Exhausted</Filter>
    </ClCompile>
    <ClCompile Include="..\Private\State_Run.cpp">
      <Filter>94. StateMachine\State\Player\State_Run</Filter>
    </ClCompile>
    <ClCompile Include="..\Private\State_Equip.cpp">
      <Filter>94. StateMachine\State\Player\State_Equip</Filter>
    </ClCompile>
    <ClCompile Include="..\Private\State_UnEquip.cpp">
      <Filter>94. StateMachine\State\Player\State_UnEquip</Filter>
    </ClCompile>
    <ClCompile Include="..\Private\Player_Camera.cpp">
      <Filter>02.GameObjects\99.Cameras\PlayerCamera</Filter>
    </ClCompile>
    <ClCompile Include="..\Private\State_Aim_S.cpp">
      <Filter>94. StateMachine\State\Player\State_Aim_S</Filter>
    </ClCompile>
    <ClCompile Include="..\Private\State_Aim.cpp">
      <Filter>94. StateMachine\State\Player\State_Aim</Filter>
    </ClCompile>
    <ClCompile Include="..\Private\State_Aim_E.cpp">
      <Filter>94. StateMachine\State\Player\State_Aim_E</Filter>
    </ClCompile>
    <ClCompile Include="..\Private\State_Walk_S.cpp">
      <Filter>94. StateMachine\State\Player\State_Walk_S</Filter>
    </ClCompile>
    <ClCompile Include="..\Private\State_Walk_FB.cpp">
      <Filter>94. StateMachine\State\Player\State_Walk_FB</Filter>
    </ClCompile>
    <ClCompile Include="..\Private\State_Walk_L.cpp">
      <Filter>94. StateMachine\State\Player\State_Walk_L</Filter>
    </ClCompile>
    <ClCompile Include="..\Private\State_Walk_R.cpp">
      <Filter>94. StateMachine\State\Player\State_Walk_R</Filter>
    </ClCompile>
    <ClCompile Include="..\Private\State_Walk_LE.cpp">
      <Filter>94. StateMachine\State\Player\State_Walk_LE</Filter>
    </ClCompile>
    <ClCompile Include="..\Private\State_Walk_E.cpp">
      <Filter>94. StateMachine\State\Player\State_Walk_E</Filter>
    </ClCompile>
    <ClCompile Include="..\Private\State_Walk_RE.cpp">
      <Filter>94. StateMachine\State\Player\State_Walk_RE</Filter>
    </ClCompile>
    <ClCompile Include="..\Private\State_Throw.cpp">
      <Filter>94. StateMachine\State\Player\State_Throw</Filter>
    </ClCompile>
    <ClCompile Include="..\Private\State_Attack.cpp">
      <Filter>94. StateMachine\State\Player\State_Attack</Filter>
    </ClCompile>
    <ClCompile Include="..\Private\State_Fire.cpp">
      <Filter>94. StateMachine\State\Player\State_Fire</Filter>
    </ClCompile>
    <ClCompile Include="..\Private\State_Hipfire.cpp">
      <Filter>94. StateMachine\State\Player\State_Hipfire</Filter>
    </ClCompile>
    <ClCompile Include="..\Private\State_Reload_S.cpp">
      <Filter>94. StateMachine\State\Player\State_Reload_S</Filter>
    </ClCompile>
    <ClCompile Include="..\Private\State_Reload.cpp">
      <Filter>94. StateMachine\State\Player\State_Reload</Filter>
    </ClCompile>
    <ClCompile Include="..\Private\State_Reload_E.cpp">
      <Filter>94. StateMachine\State\Player\State_Reload_E</Filter>
    </ClCompile>
    <ClCompile Include="..\Private\PickUpSelector.cpp">
      <Filter>93.PickUpSelector</Filter>
    </ClCompile>
    <ClCompile Include="..\Private\UImanager.cpp">
      <Filter>02.GameObjects\00.UI\manager</Filter>
    </ClCompile>
    <ClCompile Include="..\Private\GEAR.cpp">
      <Filter>02.GameObjects\04.Item\GEAR</Filter>
    </ClCompile>
    <ClCompile Include="..\Private\UIObject.cpp">
      <Filter>02.GameObjects\00.UI\UIObject</Filter>
    </ClCompile>
    <ClCompile Include="..\Private\UITEXT.cpp">
      <Filter>02.GameObjects\00.UI\UITEXT</Filter>
    </ClCompile>
    <ClCompile Include="..\Private\State_PickUp.cpp">
      <Filter>94. StateMachine\State\Player\State_PickUp</Filter>
    </ClCompile>
    <ClCompile Include="..\Private\State_Inventory.cpp">
      <Filter>94. StateMachine\State\Player\State_Inventory</Filter>
    </ClCompile>
    <ClCompile Include="..\Private\UIBack.cpp">
      <Filter>02.GameObjects\00.UI\UIBack</Filter>
    </ClCompile>
    <ClCompile Include="..\Private\UIColor.cpp">
      <Filter>02.GameObjects\00.UI\UIColor</Filter>
    </ClCompile>
    <ClCompile Include="..\Private\UIInventory.cpp">
      <Filter>92.UIInventory</Filter>
    </ClCompile>
    <ClCompile Include="..\Private\UIToggleID.cpp">
      <Filter>02.GameObjects\00.UI\UIToggleID</Filter>
    </ClCompile>
    <ClCompile Include="..\Private\UISortToggle.cpp">
      <Filter>02.GameObjects\00.UI\UISortToggle</Filter>
    </ClCompile>
    <ClCompile Include="..\Private\UIButton.cpp">
      <Filter>02.GameObjects\00.UI\UIButton</Filter>
    </ClCompile>
    <ClCompile Include="..\Private\UIItemIcon.cpp">
      <Filter>02.GameObjects\00.UI\UIItemIcon</Filter>
    </ClCompile>
    <ClCompile Include="..\Private\UIItemToggle.cpp">
      <Filter>02.GameObjects\00.UI\UIItemToggle</Filter>
    </ClCompile>
    <ClCompile Include="..\Private\UIStateCloth.cpp">
      <Filter>02.GameObjects\00.UI\UIStateCloth</Filter>
    </ClCompile>
    <ClCompile Include="..\Private\CLTH.cpp">
      <Filter>02.GameObjects\04.Item\CLTH</Filter>
    </ClCompile>
    <ClCompile Include="..\Private\Bullet.cpp">
      <Filter>02.GameObjects\Bulllet</Filter>
    </ClCompile>
    <ClCompile Include="..\Private\PickRabbit.cpp">
      <Filter>02.GameObjects\02.LandObject\Player\PartObject\Weapon\PickRabbit</Filter>
    </ClCompile>
    <ClCompile Include="..\Private\State_Kill.cpp">
      <Filter>94. StateMachine\State\Player\State_Kill</Filter>
    </ClCompile>
    <ClCompile Include="..\Private\State_Release.cpp">
      <Filter>94. StateMachine\State\Player\State_Release</Filter>
    </ClCompile>
    <ClCompile Include="..\Private\UIClothToggle.cpp">
      <Filter>02.GameObjects\00.UI\UIClothToggle</Filter>
    </ClCompile>
    <ClCompile Include="..\Private\State_Reload_Loop.cpp">
      <Filter>94. StateMachine\State\Player\State_Reload_Loop</Filter>
    </ClCompile>
  </ItemGroup>
  <ItemGroup>
    <Image Include="Client.ico">
      <Filter>98.Default</Filter>
    </Image>
    <Image Include="small.ico">
      <Filter>98.Default</Filter>
    </Image>
  </ItemGroup>
  <ItemGroup>
    <ResourceCompile Include="Client.rc">
      <Filter>98.Default</Filter>
    </ResourceCompile>
  </ItemGroup>
  <ItemGroup>
    <Text Include="ReadMe.txt">
      <Filter>98.Default</Filter>
    </Text>
  </ItemGroup>
  <ItemGroup>
    <FxCompile Include="..\Bin\ShaderFiles\Shader_VtxAnimMesh.hlsl">
      <Filter>97.ShaderFiles</Filter>
    </FxCompile>
    <FxCompile Include="..\Bin\ShaderFiles\Shader_VtxMesh.hlsl">
      <Filter>97.ShaderFiles</Filter>
    </FxCompile>
    <FxCompile Include="..\Bin\ShaderFiles\Shader_VtxMeshID.hlsl">
      <Filter>97.ShaderFiles</Filter>
    </FxCompile>
    <FxCompile Include="..\Bin\ShaderFiles\Shader_VtxMeshTreeID.hlsl">
      <Filter>97.ShaderFiles</Filter>
    </FxCompile>
    <FxCompile Include="..\Bin\ShaderFiles\Shader_VtxNorTex.hlsl">
      <Filter>97.ShaderFiles</Filter>
    </FxCompile>
    <FxCompile Include="..\Bin\ShaderFiles\Shader_VtxPosTex.hlsl">
      <Filter>97.ShaderFiles</Filter>
    </FxCompile>
    <FxCompile Include="..\Bin\ShaderFiles\Shader_VtxMeshTree.hlsl">
      <Filter>97.ShaderFiles</Filter>
    </FxCompile>
    <FxCompile Include="..\Bin\ShaderFiles\Shader_VtxPosTexBack.hlsl">
      <Filter>97.ShaderFiles</Filter>
    </FxCompile>
    <FxCompile Include="..\Bin\ShaderFiles\Shader_VtxPosTexColor.hlsl">
      <Filter>97.ShaderFiles</Filter>
    </FxCompile>
    <FxCompile Include="..\Bin\ShaderFiles\Shader_VtxPosColor.hlsl">
      <Filter>97.ShaderFiles</Filter>
    </FxCompile>
    <FxCompile Include="..\Bin\ShaderFiles\Shader_VtxPosTexToggleID.hlsl">
      <Filter>97.ShaderFiles</Filter>
    </FxCompile>
    <FxCompile Include="..\Bin\ShaderFiles\Shader_VtxPosTexBrightnessToggleID.hlsl">
      <Filter>97.ShaderFiles</Filter>
    </FxCompile>
    <FxCompile Include="..\Bin\ShaderFiles\Shader_VtxAnimMeshMonster.hlsl">
      <Filter>97.ShaderFiles</Filter>
    </FxCompile>
  </ItemGroup>
</Project>